lockfileVersion: 5.4

specifiers:
  '@types/jsonwebtoken': ^8.5.8
  dotenv: ^16.0.1

dependencies:
  dotenv: 16.0.1

devDependencies:
  '@types/jsonwebtoken': 8.5.8

packages:

  /@types/jsonwebtoken/8.5.8:
    resolution: {integrity: sha512-zm6xBQpFDIDM6o9r6HSgDeIcLy82TKWctCXEPbJJcXb5AKmi5BNNdLXneixK4lplX3PqIVcwLBCGE/kAGnlD4A==}
    dependencies:
      '@types/node': 17.0.33
    dev: true

  /@types/node/17.0.33:
    resolution: {integrity: sha512-miWq2m2FiQZmaHfdZNcbpp9PuXg34W5JZ5CrJ/BaS70VuhoJENBEQybeiYSaPBRNq6KQGnjfEnc/F3PN++D+XQ==}
    dev: true

  /dotenv/16.0.1:
    resolution: {integrity: sha512-1K6hR6wtk2FviQ4kEiSjFiH5rpzEVi8WW0x96aztHVMhEspNpc4DVOUTEHtEva5VThQ8IaBX1Pe4gSzpVVUsKQ==}
    engines: {node: '>=12'}
    dev: false
